
Microsoft Visual Studio Solution File, Format Version 12.00
# Visual Studio Version 16
VisualStudioVersion = 16.0.30011.22
MinimumVisualStudioVersion = 10.0.40219.1
Project("{FAE04EC0-301F-11D3-BF4B-00C04F79EFBC}") = "MvcMovie", "MvcMovie.csproj", "{F623D70E-6312-45B3-8695-E97EC4837980}"
EndProject
Global
	GlobalSection(SolutionConfigurationPlatforms) = preSolution
		Debug|Any CPU = Debug|Any CPU
		Release|Any CPU = Release|Any CPU
	EndGlobalSection
	GlobalSection(ProjectConfigurationPlatforms) = postSolution
		{F623D70E-6312-45B3-8695-E97EC4837980}.Debug|Any CPU.ActiveCfg = Debug|Any CPU
		{F623D70E-6312-45B3-8695-E97EC4837980}.Debug|Any CPU.Build.0 = Debug|Any CPU
		{F623D70E-6312-45B3-8695-E97EC4837980}.Release|Any CPU.ActiveCfg = Release|Any CPU
		{F623D70E-6312-45B3-8695-E97EC4837980}.Release|Any CPU.Build.0 = Release|Any CPU
	EndGlobalSection
	GlobalSection(SolutionProperties) = preSolution
		HideSolutionNode = FALSE
	EndGlobalSection
	GlobalSection(ExtensibilityGlobals) = postSolution
		SolutionGuid = {C52F98A9-EB02-433A-A8F8-80E1FD72DD27}
	EndGlobalSection
EndGlobal
